Microsoft Visual Studio Solution File, Format Version 11.00
# Visual Studio 2008

Project("{1A9D93AB-4CBF-F90F-609A-099E60D247E9}") = "Didik Project TA", "Assembly-CSharp-firstpass.csproj", "{7CA982C9-E1A3-0CC0-DDF8-DC5840B3A8F1}"
EndProject
Project("{1A9D93AB-4CBF-F90F-609A-099E60D247E9}") = "Didik Project TA", "Assembly-CSharp.csproj", "{09100955-88CB-02C1-A44C-78C0CDD71D6E}"
EndProject
Project("{1A9D93AB-4CBF-F90F-609A-099E60D247E9}") = "Didik Project TA", "Assembly-CSharp-Editor.csproj", "{AC0A535D-C3BF-E116-9007-C2666DE43148}"
EndProject
Project("{1A9D93AB-4CBF-F90F-609A-099E60D247E9}") = "Didik Project TA", "Assembly-UnityScript-firstpass.unityproj", "{B6C63851-F775-ED51-2680-C9464239C155}"
EndProject
Project("{1A9D93AB-4CBF-F90F-609A-099E60D247E9}") = "Didik Project TA", "Assembly-UnityScript-Editor.unityproj", "{9A35EAE4-D750-24B0-14AF-5BC880C3ED2B}"
EndProject
Global
	GlobalSection(SolutionConfigurationPlatforms) = preSolution
		Debug|Any CPU = Debug|Any CPU
		Release|Any CPU = Release|Any CPU
	EndGlobalSection
	GlobalSection(ProjectConfigurationPlatforms) = postSolution
		{7CA982C9-E1A3-0CC0-DDF8-DC5840B3A8F1}.Debug|Any CPU.ActiveCfg = Debug|Any CPU
		{7CA982C9-E1A3-0CC0-DDF8-DC5840B3A8F1}.Debug|Any CPU.Build.0 = Debug|Any CPU
		{7CA982C9-E1A3-0CC0-DDF8-DC5840B3A8F1}.Release|Any CPU.ActiveCfg = Release|Any CPU
		{7CA982C9-E1A3-0CC0-DDF8-DC5840B3A8F1}.Release|Any CPU.Build.0 = Release|Any CPU
		{09100955-88CB-02C1-A44C-78C0CDD71D6E}.Debug|Any CPU.ActiveCfg = Debug|Any CPU
		{09100955-88CB-02C1-A44C-78C0CDD71D6E}.Debug|Any CPU.Build.0 = Debug|Any CPU
		{09100955-88CB-02C1-A44C-78C0CDD71D6E}.Release|Any CPU.ActiveCfg = Release|Any CPU
		{09100955-88CB-02C1-A44C-78C0CDD71D6E}.Release|Any CPU.Build.0 = Release|Any CPU
		{AC0A535D-C3BF-E116-9007-C2666DE43148}.Debug|Any CPU.ActiveCfg = Debug|Any CPU
		{AC0A535D-C3BF-E116-9007-C2666DE43148}.Debug|Any CPU.Build.0 = Debug|Any CPU
		{AC0A535D-C3BF-E116-9007-C2666DE43148}.Release|Any CPU.ActiveCfg = Release|Any CPU
		{AC0A535D-C3BF-E116-9007-C2666DE43148}.Release|Any CPU.Build.0 = Release|Any CPU
		{B6C63851-F775-ED51-2680-C9464239C155}.Debug|Any CPU.ActiveCfg = Debug|Any CPU
		{B6C63851-F775-ED51-2680-C9464239C155}.Debug|Any CPU.Build.0 = Debug|Any CPU
		{B6C63851-F775-ED51-2680-C9464239C155}.Release|Any CPU.ActiveCfg = Release|Any CPU
		{B6C63851-F775-ED51-2680-C9464239C155}.Release|Any CPU.Build.0 = Release|Any CPU
		{9A35EAE4-D750-24B0-14AF-5BC880C3ED2B}.Debug|Any CPU.ActiveCfg = Debug|Any CPU
		{9A35EAE4-D750-24B0-14AF-5BC880C3ED2B}.Debug|Any CPU.Build.0 = Debug|Any CPU
		{9A35EAE4-D750-24B0-14AF-5BC880C3ED2B}.Release|Any CPU.ActiveCfg = Release|Any CPU
		{9A35EAE4-D750-24B0-14AF-5BC880C3ED2B}.Release|Any CPU.Build.0 = Release|Any CPU
	EndGlobalSection
	GlobalSection(SolutionProperties) = preSolution
		HideSolutionNode = FALSE
	EndGlobalSection
																																		GlobalSection(MonoDevelopProperties) = preSolution
		StartupItem = Assembly-CSharp.csproj
		Policies = $0
		$0.TextStylePolicy = $1
		$1.inheritsSet = null
		$1.scope = text/x-csharp
		$0.CSharpFormattingPolicy = $2
		$2.inheritsSet = Mono
		$2.inheritsScope = text/x-csharp
		$2.scope = text/x-csharp
		$0.TextStylePolicy = $3
		$3.FileWidth = 120
		$3.TabWidth = 4
		$3.IndentWidth = 4
		$3.EolMarker = Unix
		$3.inheritsSet = Mono
		$3.inheritsScope = text/plain
		$3.scope = text/plain
	EndGlobalSection

EndGlobal
